
Microsoft Visual Studio Solution File, Format Version 12.00
# Visual Studio Version 16
VisualStudioVersion = 16.0.30011.22
MinimumVisualStudioVersion = 10.0.40219.1
Project("{2150E333-8FDC-42A3-9474-1A3956D46DE8}") = "Services", "Services", "{445B9722-F16A-428C-B329-9AA431339873}"
EndProject
Project("{2150E333-8FDC-42A3-9474-1A3956D46DE8}") = "WebApps", "WebApps", "{C7172899-9762-4A9C-A196-4054AAA5068B}"
EndProject
Project("{2150E333-8FDC-42A3-9474-1A3956D46DE8}") = "Cadastros", "Cadastros", "{16BAD9E5-5EBE-4A29-B21B-22457B175AC3}"
EndProject
Project("{2150E333-8FDC-42A3-9474-1A3956D46DE8}") = "Catalogo", "Catalogo", "{294F56CF-7A95-4834-9175-2959FFB4457D}"
EndProject
Project("{2150E333-8FDC-42A3-9474-1A3956D46DE8}") = "Core", "Core", "{1538FC66-E04B-4F75-B1BA-AD534D4DDFF1}"
EndProject
Project("{2150E333-8FDC-42A3-9474-1A3956D46DE8}") = "Fiscal", "Fiscal", "{EEA35B6A-3C14-4F48-BFF2-7FA9360007B9}"
EndProject
Project("{2150E333-8FDC-42A3-9474-1A3956D46DE8}") = "Pagamentos", "Pagamentos", "{180190B5-AB39-46CF-B078-E55C06AB512C}"
EndProject
Project("{2150E333-8FDC-42A3-9474-1A3956D46DE8}") = "Vendas", "Vendas", "{DE638FC1-F34C-4BC3-B644-2FFE98285817}"
EndProject
Project("{9A19103F-16F7-4668-BE54-9A1E7A4F7556}") = "NerdStore.Catalogo.Domain", "NerdStore.Catalogo.Domain\NerdStore.Catalogo.Domain.csproj", "{9706F070-6F49-4B11-82F3-DB8D547300BD}"
EndProject
Project("{9A19103F-16F7-4668-BE54-9A1E7A4F7556}") = "NerdStore.Core", "NerdStore.Core\NerdStore.Core.csproj", "{FC3BE32E-EF38-4CE7-8C9C-BE4910EFF9FE}"
EndProject
Project("{2150E333-8FDC-42A3-9474-1A3956D46DE8}") = "Tests", "Tests", "{B9D48870-328E-4353-AA7D-F5D6F04BAC5E}"
EndProject
Project("{9A19103F-16F7-4668-BE54-9A1E7A4F7556}") = "NerdStore.Catalogo.Domain.Tests", "NerdStore.Catalogo.Domain.Tests\NerdStore.Catalogo.Domain.Tests.csproj", "{AE182A26-2056-4F54-B032-29227FB707F3}"
EndProject
Project("{9A19103F-16F7-4668-BE54-9A1E7A4F7556}") = "NerdStore.Catalogo.Data", "NerdStore.Catalogo.Data\NerdStore.Catalogo.Data.csproj", "{24D09461-F1E2-4A31-B9D6-EDC35842EA68}"
EndProject
Project("{9A19103F-16F7-4668-BE54-9A1E7A4F7556}") = "NerdStore.Catalogo.Application", "NerdStore.Catalogo.Application\NerdStore.Catalogo.Application.csproj", "{07FE44BA-4110-4F4D-8C63-EAC26216730C}"
EndProject
Project("{9A19103F-16F7-4668-BE54-9A1E7A4F7556}") = "NerdStore.WebApp.MVC", "NerdStore.WebApp.MVC\NerdStore.WebApp.MVC.csproj", "{E71D8B58-BDDB-4742-891F-B61AB1486A0B}"
EndProject
Project("{FAE04EC0-301F-11D3-BF4B-00C04F79EFBC}") = "NerdStore.Vendas.Domain", "NerdStore.Vendas.Domain\NerdStore.Vendas.Domain.csproj", "{517A7CDA-C72B-4EEB-8F3B-E2A2A7C60144}"
EndProject
Project("{FAE04EC0-301F-11D3-BF4B-00C04F79EFBC}") = "NerdStore.Vendas.Application", "NerdStore.Vendas.Application\NerdStore.Vendas.Application.csproj", "{82268D8A-BB50-4934-AB40-55ADD78CEB9A}"
EndProject
Project("{FAE04EC0-301F-11D3-BF4B-00C04F79EFBC}") = "NerdStore.Vendas.Data", "NerdStore.Vendas.Data\NerdStore.Vendas.Data.csproj", "{A4EFECC6-3142-4913-A36F-D3E081CEE9D4}"
EndProject
Global
	GlobalSection(SolutionConfigurationPlatforms) = preSolution
		Debug|Any CPU = Debug|Any CPU
		Release|Any CPU = Release|Any CPU
	EndGlobalSection
	GlobalSection(ProjectConfigurationPlatforms) = postSolution
		{9706F070-6F49-4B11-82F3-DB8D547300BD}.Debug|Any CPU.ActiveCfg = Debug|Any CPU
		{9706F070-6F49-4B11-82F3-DB8D547300BD}.Debug|Any CPU.Build.0 = Debug|Any CPU
		{9706F070-6F49-4B11-82F3-DB8D547300BD}.Release|Any CPU.ActiveCfg = Release|Any CPU
		{9706F070-6F49-4B11-82F3-DB8D547300BD}.Release|Any CPU.Build.0 = Release|Any CPU
		{FC3BE32E-EF38-4CE7-8C9C-BE4910EFF9FE}.Debug|Any CPU.ActiveCfg = Debug|Any CPU
		{FC3BE32E-EF38-4CE7-8C9C-BE4910EFF9FE}.Debug|Any CPU.Build.0 = Debug|Any CPU
		{FC3BE32E-EF38-4CE7-8C9C-BE4910EFF9FE}.Release|Any CPU.ActiveCfg = Release|Any CPU
		{FC3BE32E-EF38-4CE7-8C9C-BE4910EFF9FE}.Release|Any CPU.Build.0 = Release|Any CPU
		{AE182A26-2056-4F54-B032-29227FB707F3}.Debug|Any CPU.ActiveCfg = Debug|Any CPU
		{AE182A26-2056-4F54-B032-29227FB707F3}.Debug|Any CPU.Build.0 = Debug|Any CPU
		{AE182A26-2056-4F54-B032-29227FB707F3}.Release|Any CPU.ActiveCfg = Release|Any CPU
		{AE182A26-2056-4F54-B032-29227FB707F3}.Release|Any CPU.Build.0 = Release|Any CPU
		{24D09461-F1E2-4A31-B9D6-EDC35842EA68}.Debug|Any CPU.ActiveCfg = Debug|Any CPU
		{24D09461-F1E2-4A31-B9D6-EDC35842EA68}.Debug|Any CPU.Build.0 = Debug|Any CPU
		{24D09461-F1E2-4A31-B9D6-EDC35842EA68}.Release|Any CPU.ActiveCfg = Release|Any CPU
		{24D09461-F1E2-4A31-B9D6-EDC35842EA68}.Release|Any CPU.Build.0 = Release|Any CPU
		{07FE44BA-4110-4F4D-8C63-EAC26216730C}.Debug|Any CPU.ActiveCfg = Debug|Any CPU
		{07FE44BA-4110-4F4D-8C63-EAC26216730C}.Debug|Any CPU.Build.0 = Debug|Any CPU
		{07FE44BA-4110-4F4D-8C63-EAC26216730C}.Release|Any CPU.ActiveCfg = Release|Any CPU
		{07FE44BA-4110-4F4D-8C63-EAC26216730C}.Release|Any CPU.Build.0 = Release|Any CPU
		{E71D8B58-BDDB-4742-891F-B61AB1486A0B}.Debug|Any CPU.ActiveCfg = Debug|Any CPU
		{E71D8B58-BDDB-4742-891F-B61AB1486A0B}.Debug|Any CPU.Build.0 = Debug|Any CPU
		{E71D8B58-BDDB-4742-891F-B61AB1486A0B}.Release|Any CPU.ActiveCfg = Release|Any CPU
		{E71D8B58-BDDB-4742-891F-B61AB1486A0B}.Release|Any CPU.Build.0 = Release|Any CPU
		{517A7CDA-C72B-4EEB-8F3B-E2A2A7C60144}.Debug|Any CPU.ActiveCfg = Debug|Any CPU
		{517A7CDA-C72B-4EEB-8F3B-E2A2A7C60144}.Debug|Any CPU.Build.0 = Debug|Any CPU
		{517A7CDA-C72B-4EEB-8F3B-E2A2A7C60144}.Release|Any CPU.ActiveCfg = Release|Any CPU
		{517A7CDA-C72B-4EEB-8F3B-E2A2A7C60144}.Release|Any CPU.Build.0 = Release|Any CPU
		{82268D8A-BB50-4934-AB40-55ADD78CEB9A}.Debug|Any CPU.ActiveCfg = Debug|Any CPU
		{82268D8A-BB50-4934-AB40-55ADD78CEB9A}.Debug|Any CPU.Build.0 = Debug|Any CPU
		{82268D8A-BB50-4934-AB40-55ADD78CEB9A}.Release|Any CPU.ActiveCfg = Release|Any CPU
		{82268D8A-BB50-4934-AB40-55ADD78CEB9A}.Release|Any CPU.Build.0 = Release|Any CPU
		{A4EFECC6-3142-4913-A36F-D3E081CEE9D4}.Debug|Any CPU.ActiveCfg = Debug|Any CPU
		{A4EFECC6-3142-4913-A36F-D3E081CEE9D4}.Debug|Any CPU.Build.0 = Debug|Any CPU
		{A4EFECC6-3142-4913-A36F-D3E081CEE9D4}.Release|Any CPU.ActiveCfg = Release|Any CPU
		{A4EFECC6-3142-4913-A36F-D3E081CEE9D4}.Release|Any CPU.Build.0 = Release|Any CPU
	EndGlobalSection
	GlobalSection(SolutionProperties) = preSolution
		HideSolutionNode = FALSE
	EndGlobalSection
	GlobalSection(NestedProjects) = preSolution
		{16BAD9E5-5EBE-4A29-B21B-22457B175AC3} = {445B9722-F16A-428C-B329-9AA431339873}
		{294F56CF-7A95-4834-9175-2959FFB4457D} = {445B9722-F16A-428C-B329-9AA431339873}
		{1538FC66-E04B-4F75-B1BA-AD534D4DDFF1} = {445B9722-F16A-428C-B329-9AA431339873}
		{EEA35B6A-3C14-4F48-BFF2-7FA9360007B9} = {445B9722-F16A-428C-B329-9AA431339873}
		{180190B5-AB39-46CF-B078-E55C06AB512C} = {445B9722-F16A-428C-B329-9AA431339873}
		{DE638FC1-F34C-4BC3-B644-2FFE98285817} = {445B9722-F16A-428C-B329-9AA431339873}
		{9706F070-6F49-4B11-82F3-DB8D547300BD} = {294F56CF-7A95-4834-9175-2959FFB4457D}
		{FC3BE32E-EF38-4CE7-8C9C-BE4910EFF9FE} = {1538FC66-E04B-4F75-B1BA-AD534D4DDFF1}
		{B9D48870-328E-4353-AA7D-F5D6F04BAC5E} = {294F56CF-7A95-4834-9175-2959FFB4457D}
		{AE182A26-2056-4F54-B032-29227FB707F3} = {B9D48870-328E-4353-AA7D-F5D6F04BAC5E}
		{24D09461-F1E2-4A31-B9D6-EDC35842EA68} = {294F56CF-7A95-4834-9175-2959FFB4457D}
		{07FE44BA-4110-4F4D-8C63-EAC26216730C} = {294F56CF-7A95-4834-9175-2959FFB4457D}
		{E71D8B58-BDDB-4742-891F-B61AB1486A0B} = {C7172899-9762-4A9C-A196-4054AAA5068B}
		{517A7CDA-C72B-4EEB-8F3B-E2A2A7C60144} = {DE638FC1-F34C-4BC3-B644-2FFE98285817}
		{82268D8A-BB50-4934-AB40-55ADD78CEB9A} = {DE638FC1-F34C-4BC3-B644-2FFE98285817}
		{A4EFECC6-3142-4913-A36F-D3E081CEE9D4} = {DE638FC1-F34C-4BC3-B644-2FFE98285817}
	EndGlobalSection
	GlobalSection(ExtensibilityGlobals) = postSolution
		SolutionGuid = {7E49634D-AF78-4546-8DD4-005B5C38F33A}
	EndGlobalSection
EndGlobal
